
Microsoft Visual Studio Solution File, Format Version 12.00
# Visual Studio Version 16
VisualStudioVersion = 16.0.31613.86
MinimumVisualStudioVersion = 10.0.40219.1
Project("{9A19103F-16F7-4668-BE54-9A1E7A4F7556}") = "TiaDataViewer.Wpf", "TiaDataViewer.Wpf\TiaDataViewer.Wpf.csproj", "{18101AD5-CFA8-4A31-BE41-627141FB8F4E}"
EndProject
Project("{9A19103F-16F7-4668-BE54-9A1E7A4F7556}") = "TiaDataViewer.Core", "TiaDataViewer.Core\TiaDataViewer.Core.csproj", "{10A1A025-B76E-4041-8867-B53A19D889C1}"
EndProject
Global
	GlobalSection(SolutionConfigurationPlatforms) = preSolution
		Debug|Any CPU = Debug|Any CPU
		Release|Any CPU = Release|Any CPU
	EndGlobalSection
	GlobalSection(ProjectConfigurationPlatforms) = postSolution
		{18101AD5-CFA8-4A31-BE41-627141FB8F4E}.Debug|Any CPU.ActiveCfg = Debug|Any CPU
		{18101AD5-CFA8-4A31-BE41-627141FB8F4E}.Debug|Any CPU.Build.0 = Debug|Any CPU
		{18101AD5-CFA8-4A31-BE41-627141FB8F4E}.Release|Any CPU.ActiveCfg = Release|Any CPU
		{18101AD5-CFA8-4A31-BE41-627141FB8F4E}.Release|Any CPU.Build.0 = Release|Any CPU
		{10A1A025-B76E-4041-8867-B53A19D889C1}.Debug|Any CPU.ActiveCfg = Debug|Any CPU
		{10A1A025-B76E-4041-8867-B53A19D889C1}.Debug|Any CPU.Build.0 = Debug|Any CPU
		{10A1A025-B76E-4041-8867-B53A19D889C1}.Release|Any CPU.ActiveCfg = Release|Any CPU
		{10A1A025-B76E-4041-8867-B53A19D889C1}.Release|Any CPU.Build.0 = Release|Any CPU
	EndGlobalSection
	GlobalSection(SolutionProperties) = preSolution
		HideSolutionNode = FALSE
	EndGlobalSection
	GlobalSection(ExtensibilityGlobals) = postSolution
		SolutionGuid = {792953C4-558B-48C5-A275-6C2724027A91}
	EndGlobalSection
EndGlobal
